// !$*UTF8*$!
{
	archiveVersion = 1;
	classes = {
	};
	objectVersion = 77;
	objects = {

/* Begin PBXContainerItemProxy section */
		C34063992D87FB4000EE2870 /* PBXContainerItemProxy */ = {
			isa = PBXContainerItemProxy;
			containerPortal = C34063802D87FB3E00EE2870 /* Project object */;
			proxyType = 1;
			remoteGlobalIDString = C34063872D87FB3E00EE2870;
			remoteInfo = "Connections-App";
		};
		C34063A32D87FB4000EE2870 /* PBXContainerItemProxy */ = {
			isa = PBXContainerItemProxy;
			containerPortal = C34063802D87FB3E00EE2870 /* Project object */;
			proxyType = 1;
			remoteGlobalIDString = C34063872D87FB3E00EE2870;
			remoteInfo = "Connections-App";
		};
/* End PBXContainerItemProxy section */

/* Begin PBXFileReference section */
		C34063882D87FB3E00EE2870 /* Connections-App.app */ = {isa = PBXFileReference; explicitFileType = wrapper.application; includeInIndex = 0; path = "Connections-App.app"; sourceTree = BUILT_PRODUCTS_DIR; };
		C34063982D87FB4000EE2870 /* Connections-AppTests.xctest */ = {isa = PBXFileReference; explicitFileType = wrapper.cfbundle; includeInIndex = 0; path = "Connections-AppTests.xctest"; sourceTree = BUILT_PRODUCTS_DIR; };
		C34063A22D87FB4000EE2870 /* Connections-AppUITests.xctest */ = {isa = PBXFileReference; explicitFileType = wrapper.cfbundle; includeInIndex = 0; path = "Connections-AppUITests.xctest"; sourceTree = BUILT_PRODUCTS_DIR; };
/* End PBXFileReference section */

/* Begin PBXFileSystemSynchronizedRootGroup section */
		C340638A2D87FB3E00EE2870 /* Connections-App */ = {
			isa = PBXFileSystemSynchronizedRootGroup;
			path = "Connections-App";
			sourceTree = "<group>";
		};
		C340639B2D87FB4000EE2870 /* Connections-AppTests */ = {
			isa = PBXFileSystemSynchronizedRootGroup;
			path = "Connections-AppTests";
			sourceTree = "<group>";
		};
		C34063A52D87FB4000EE2870 /* Connections-AppUITests */ = {
			isa = PBXFileSystemSynchronizedRootGroup;
			path = "Connections-AppUITests";
			sourceTree = "<group>";
		};
/* End PBXFileSystemSynchronizedRootGroup section */

/* Begin PBXFrameworksBuildPhase section */
		C34063852D87FB3E00EE2870 /* Frameworks */ = {
			isa = PBXFrameworksBuildPhase;
			buildActionMask = 2147483647;
			files = (
			);
			runOnlyForDeploymentPostprocessing = 0;
		};
		C34063952D87FB4000EE2870 /* Frameworks */ = {
			isa = PBXFrameworksBuildPhase;
			buildActionMask = 2147483647;
			files = (
			);
			runOnlyForDeploymentPostprocessing = 0;
		};
		C340639F2D87FB4000EE2870 /* Frameworks */ = {
			isa = PBXFrameworksBuildPhase;
			buildActionMask = 2147483647;
			files = (
			);
			runOnlyForDeploymentPostprocessing = 0;
		};
/* End PBXFrameworksBuildPhase section */

/* Begin PBXGroup section */
		C340637F2D87FB3E00EE2870 = {
			isa = PBXGroup;
			children = (
				C340638A2D87FB3E00EE2870 /* Connections-App */,
				C340639B2D87FB4000EE2870 /* Connections-AppTests */,
				C34063A52D87FB4000EE2870 /* Connections-AppUITests */,
				C34063892D87FB3E00EE2870 /* Products */,
			);
			sourceTree = "<group>";
		};
		C34063892D87FB3E00EE2870 /* Products */ = {
			isa = PBXGroup;
			children = (
				C34063882D87FB3E00EE2870 /* Connections-App.app */,
				C34063982D87FB4000EE2870 /* Connections-AppTests.xctest */,
				C34063A22D87FB4000EE2870 /* Connections-AppUITests.xctest */,
			);
			name = Products;
			sourceTree = "<group>";
		};
/* End PBXGroup section */

/* Begin PBXNativeTarget section */
		C34063872D87FB3E00EE2870 /* Connections-App */ = {
			isa = PBXNativeTarget;
			buildConfigurationList = C34063AC2D87FB4000EE2870 /* Build configuration list for PBXNativeTarget "Connections-App" */;
			buildPhases = (
				C34063842D87FB3E00EE2870 /* Sources */,
				C34063852D87FB3E00EE2870 /* Frameworks */,
				C34063862D87FB3E00EE2870 /* Resources */,
			);
			buildRules = (
			);
			dependencies = (
			);
			fileSystemSynchronizedGroups = (
				C340638A2D87FB3E00EE2870 /* Connections-App */,
			);
			name = "Connections-App";
			packageProductDependencies = (
			);
			productName = "Connections-App";
			productReference = C34063882D87FB3E00EE2870 /* Connections-App.app */;
			productType = "com.apple.product-type.application";
		};
		C34063972D87FB4000EE2870 /* Connections-AppTests */ = {
			isa = PBXNativeTarget;
			buildConfigurationList = C34063AF2D87FB4000EE2870 /* Build configuration list for PBXNativeTarget "Connections-AppTests" */;
			buildPhases = (
				C34063942D87FB4000EE2870 /* Sources */,
				C34063952D87FB4000EE2870 /* Frameworks */,
				C34063962D87FB4000EE2870 /* Resources */,
			);
			buildRules = (
			);
			dependencies = (
				C340639A2D87FB4000EE2870 /* PBXTargetDependency */,
			);
			fileSystemSynchronizedGroups = (
				C340639B2D87FB4000EE2870 /* Connections-AppTests */,
			);
			name = "Connections-AppTests";
			packageProductDependencies = (
			);
			productName = "Connections-AppTests";
			productReference = C34063982D87FB4000EE2870 /* Connections-AppTests.xctest */;
			productType = "com.apple.product-type.bundle.unit-test";
		};
		C34063A12D87FB4000EE2870 /* Connections-AppUITests */ = {
			isa = PBXNativeTarget;
			buildConfigurationList = C34063B22D87FB4000EE2870 /* Build configuration list for PBXNativeTarget "Connections-AppUITests" */;
			buildPhases = (
				C340639E2D87FB4000EE2870 /* Sources */,
				C340639F2D87FB4000EE2870 /* Frameworks */,
				C34063A02D87FB4000EE2870 /* Resources */,
			);
			buildRules = (
			);
			dependencies = (
				C34063A42D87FB4000EE2870 /* PBXTargetDependency */,
			);
			fileSystemSynchronizedGroups = (
				C34063A52D87FB4000EE2870 /* Connections-AppUITests */,
			);
			name = "Connections-AppUITests";
			packageProductDependencies = (
			);
			productName = "Connections-AppUITests";
			productReference = C34063A22D87FB4000EE2870 /* Connections-AppUITests.xctest */;
			productType = "com.apple.product-type.bundle.ui-testing";
		};
/* End PBXNativeTarget section */

/* Begin PBXProject section */
		C34063802D87FB3E00EE2870 /* Project object */ = {
			isa = PBXProject;
			attributes = {
				BuildIndependentTargetsInParallel = 1;
				LastSwiftUpdateCheck = 1620;
				LastUpgradeCheck = 1620;
				TargetAttributes = {
					C34063872D87FB3E00EE2870 = {
						CreatedOnToolsVersion = 16.2;
					};
					C34063972D87FB4000EE2870 = {
						CreatedOnToolsVersion = 16.2;
						TestTargetID = C34063872D87FB3E00EE2870;
					};
					C34063A12D87FB4000EE2870 = {
						CreatedOnToolsVersion = 16.2;
						TestTargetID = C34063872D87FB3E00EE2870;
					};
				};
			};
			buildConfigurationList = C34063832D87FB3E00EE2870 /* Build configuration list for PBXProject "Connections-App" */;
			developmentRegion = en;
			hasScannedForEncodings = 0;
			knownRegions = (
				en,
				Base,
			);
			mainGroup = C340637F2D87FB3E00EE2870;
			minimizedProjectReferenceProxies = 1;
			preferredProjectObjectVersion = 77;
			productRefGroup = C34063892D87FB3E00EE2870 /* Products */;
			projectDirPath = "";
			projectRoot = "";
			targets = (
				C34063872D87FB3E00EE2870 /* Connections-App */,
				C34063972D87FB4000EE2870 /* Connections-AppTests */,
				C34063A12D87FB4000EE2870 /* Connections-AppUITests */,
			);
		};
/* End PBXProject section */

/* Begin PBXResourcesBuildPhase section */
		C34063862D87FB3E00EE2870 /* Resources */ = {
			isa = PBXResourcesBuildPhase;
			buildActionMask = 2147483647;
			files = (
			);
			runOnlyForDeploymentPostprocessing = 0;
		};
		C34063962D87FB4000EE2870 /* Resources */ = {
			isa = PBXResourcesBuildPhase;
			buildActionMask = 2147483647;
			files = (
			);
			runOnlyForDeploymentPostprocessing = 0;
		};
		C34063A02D87FB4000EE2870 /* Resources */ = {
			isa = PBXResourcesBuildPhase;
			buildActionMask = 2147483647;
			files = (
			);
			runOnlyForDeploymentPostprocessing = 0;
		};
/* End PBXResourcesBuildPhase section */

/* Begin PBXSourcesBuildPhase section */
		C34063842D87FB3E00EE2870 /* Sources */ = {
			isa = PBXSourcesBuildPhase;
			buildActionMask = 2147483647;
			files = (
			);
			runOnlyForDeploymentPostprocessing = 0;
		};
		C34063942D87FB4000EE2870 /* Sources */ = {
			isa = PBXSourcesBuildPhase;
			buildActionMask = 2147483647;
			files = (
			);
			runOnlyForDeploymentPostprocessing = 0;
		};
		C340639E2D87FB4000EE2870 /* Sources */ = {
			isa = PBXSourcesBuildPhase;
			buildActionMask = 2147483647;
			files = (
			);
			runOnlyForDeploymentPostprocessing = 0;
		};
/* End PBXSourcesBuildPhase section */

/* Begin PBXTargetDependency section */
		C340639A2D87FB4000EE2870 /* PBXTargetDependency */ = {
			isa = PBXTargetDependency;
			target = C34063872D87FB3E00EE2870 /* Connections-App */;
			targetProxy = C34063992D87FB4000EE2870 /* PBXContainerItemProxy */;
		};
		C34063A42D87FB4000EE2870 /* PBXTargetDependency */ = {
			isa = PBXTargetDependency;
			target = C34063872D87FB3E00EE2870 /* Connections-App */;
			targetProxy = C34063A32D87FB4000EE2870 /* PBXContainerItemProxy */;
		};
/* End PBXTargetDependency section */

/* Begin XCBuildConfiguration section */
		C34063AA2D87FB4000EE2870 /* Debug */ = {
			isa = XCBuildConfiguration;
			buildSettings = {
				ALWAYS_SEARCH_USER_PATHS = NO;
				ASSETCATALOG_COMPILER_GENERATE_SWIFT_ASSET_SYMBOL_EXTENSIONS = YES;
				CLANG_ANALYZER_NONNULL = YES;
				CLANG_ANALYZER_NUMBER_OBJECT_CONVERSION = YES_AGGRESSIVE;
				CLANG_CXX_LANGUAGE_STANDARD = "gnu++20";
				CLANG_ENABLE_MODULES = YES;
				CLANG_ENABLE_OBJC_ARC = YES;
				CLANG_ENABLE_OBJC_WEAK = YES;
				CLANG_WARN_BLOCK_CAPTURE_AUTORELEASING = YES;
				CLANG_WARN_BOOL_CONVERSION = YES;
				CLANG_WARN_COMMA = YES;
				CLANG_WARN_CONSTANT_CONVERSION = YES;
				CLANG_WARN_DEPRECATED_OBJC_IMPLEMENTATIONS = YES;
				CLANG_WARN_DIRECT_OBJC_ISA_USAGE = YES_ERROR;
				CLANG_WARN_DOCUMENTATION_COMMENTS = YES;
				CLANG_WARN_EMPTY_BODY = YES;
				CLANG_WARN_ENUM_CONVERSION = YES;
				CLANG_WARN_INFINITE_RECURSION = YES;
				CLANG_WARN_INT_CONVERSION = YES;
				CLANG_WARN_NON_LITERAL_NULL_CONVERSION = YES;
				CLANG_WARN_OBJC_IMPLICIT_RETAIN_SELF = YES;
				CLANG_WARN_OBJC_LITERAL_CONVERSION = YES;
				CLANG_WARN_OBJC_ROOT_CLASS = YES_ERROR;
				CLANG_WARN_QUOTED_INCLUDE_IN_FRAMEWORK_HEADER = YES;
				CLANG_WARN_RANGE_LOOP_ANALYSIS = YES;
				CLANG_WARN_STRICT_PROTOTYPES = YES;
				CLANG_WARN_SUSPICIOUS_MOVE = YES;
				CLANG_WARN_UNGUARDED_AVAILABILITY = YES_AGGRESSIVE;
				CLANG_WARN_UNREACHABLE_CODE = YES;
				CLANG_WARN__DUPLICATE_METHOD_MATCH = YES;
				COPY_PHASE_STRIP = NO;
				DEBUG_INFORMATION_FORMAT = dwarf;
				ENABLE_STRICT_OBJC_MSGSEND = YES;
				ENABLE_TESTABILITY = YES;
				ENABLE_USER_SCRIPT_SANDBOXING = YES;
				GCC_C_LANGUAGE_STANDARD = gnu17;
				GCC_DYNAMIC_NO_PIC = NO;
				GCC_NO_COMMON_BLOCKS = YES;
				GCC_OPTIMIZATION_LEVEL = 0;
				GCC_PREPROCESSOR_DEFINITIONS = (
					"DEBUG=1",
					"$(inherited)",
				);
				GCC_WARN_64_TO_32_BIT_CONVERSION = YES;
				GCC_WARN_ABOUT_RETURN_TYPE = YES_ERROR;
				GCC_WARN_UNDECLARED_SELECTOR = YES;
				GCC_WARN_UNINITIALIZED_AUTOS = YES_AGGRESSIVE;
				GCC_WARN_UNUSED_FUNCTION = YES;
				GCC_WARN_UNUSED_VARIABLE = YES;
				IPHONEOS_DEPLOYMENT_TARGET = 18.2;
				LOCALIZATION_PREFERS_STRING_CATALOGS = YES;
				MTL_ENABLE_DEBUG_INFO = INCLUDE_SOURCE;
				MTL_FAST_MATH = YES;
				ONLY_ACTIVE_ARCH = YES;
				SDKROOT = iphoneos;
				SWIFT_ACTIVE_COMPILATION_CONDITIONS = "DEBUG $(inherited)";
				SWIFT_OPTIMIZATION_LEVEL = "-Onone";
			};
			name = Debug;
		};
		C34063AB2D87FB4000EE2870 /* Release */ = {
			isa = XCBuildConfiguration;
			buildSettings = {
				ALWAYS_SEARCH_USER_PATHS = NO;
				ASSETCATALOG_COMPILER_GENERATE_SWIFT_ASSET_SYMBOL_EXTENSIONS = YES;
				CLANG_ANALYZER_NONNULL = YES;
				CLANG_ANALYZER_NUMBER_OBJECT_CONVERSION = YES_AGGRESSIVE;
				CLANG_CXX_LANGUAGE_STANDARD = "gnu++20";
				CLANG_ENABLE_MODULES = YES;
				CLANG_ENABLE_OBJC_ARC = YES;
				CLANG_ENABLE_OBJC_WEAK = YES;
				CLANG_WARN_BLOCK_CAPTURE_AUTORELEASING = YES;
				CLANG_WARN_BOOL_CONVERSION = YES;
				CLANG_WARN_COMMA = YES;
				CLANG_WARN_CONSTANT_CONVERSION = YES;
				CLANG_WARN_DEPRECATED_OBJC_IMPLEMENTATIONS = YES;
				CLANG_WARN_DIRECT_OBJC_ISA_USAGE = YES_ERROR;
				CLANG_WARN_DOCUMENTATION_COMMENTS = YES;
				CLANG_WARN_EMPTY_BODY = YES;
				CLANG_WARN_ENUM_CONVERSION = YES;
				CLANG_WARN_INFINITE_RECURSION = YES;
				CLANG_WARN_INT_CONVERSION = YES;
				CLANG_WARN_NON_LITERAL_NULL_CONVERSION = YES;
				CLANG_WARN_OBJC_IMPLICIT_RETAIN_SELF = YES;
				CLANG_WARN_OBJC_LITERAL_CONVERSION = YES;
				CLANG_WARN_OBJC_ROOT_CLASS = YES_ERROR;
				CLANG_WARN_QUOTED_INCLUDE_IN_FRAMEWORK_HEADER = YES;
				CLANG_WARN_RANGE_LOOP_ANALYSIS = YES;
				CLANG_WARN_STRICT_PROTOTYPES = YES;
				CLANG_WARN_SUSPICIOUS_MOVE = YES;
				CLANG_WARN_UNGUARDED_AVAILABILITY = YES_AGGRESSIVE;
				CLANG_WARN_UNREACHABLE_CODE = YES;
				CLANG_WARN__DUPLICATE_METHOD_MATCH = YES;
				COPY_PHASE_STRIP = NO;
				DEBUG_INFORMATION_FORMAT = "dwarf-with-dsym";
				ENABLE_NS_ASSERTIONS = NO;
				ENABLE_STRICT_OBJC_MSGSEND = YES;
				ENABLE_USER_SCRIPT_SANDBOXING = YES;
				GCC_C_LANGUAGE_STANDARD = gnu17;
				GCC_NO_COMMON_BLOCKS = YES;
				GCC_WARN_64_TO_32_BIT_CONVERSION = YES;
				GCC_WARN_ABOUT_RETURN_TYPE = YES_ERROR;
				GCC_WARN_UNDECLARED_SELECTOR = YES;
				GCC_WARN_UNINITIALIZED_AUTOS = YES_AGGRESSIVE;
				GCC_WARN_UNUSED_FUNCTION = YES;
				GCC_WARN_UNUSED_VARIABLE = YES;
				IPHONEOS_DEPLOYMENT_TARGET = 18.2;
				LOCALIZATION_PREFERS_STRING_CATALOGS = YES;
				MTL_ENABLE_DEBUG_INFO = NO;
				MTL_FAST_MATH = YES;
				SDKROOT = iphoneos;
				SWIFT_COMPILATION_MODE = wholemodule;
				VALIDATE_PRODUCT = YES;
			};
			name = Release;
		};
		C34063AD2D87FB4000EE2870 /* Debug */ = {
			isa = XCBuildConfiguration;
			buildSettings = {
				ASSETCATALOG_COMPILER_APPICON_NAME = AppIcon;
				ASSETCATALOG_COMPILER_GLOBAL_ACCENT_COLOR_NAME = AccentColor;
				CODE_SIGN_STYLE = Automatic;
				CURRENT_PROJECT_VERSION = 1;
				DEVELOPMENT_ASSET_PATHS = "\"Connections-App/Preview Content\"";
				ENABLE_PREVIEWS = YES;
				GENERATE_INFOPLIST_FILE = YES;
				INFOPLIST_KEY_UIApplicationSceneManifest_Generation = YES;
				INFOPLIST_KEY_UIApplicationSupportsIndirectInputEvents = YES;
				INFOPLIST_KEY_UILaunchScreen_Generation = YES;
				INFOPLIST_KEY_UISupportedInterfaceOrientations_iPad = "UIInterfaceOrientationPortrait UIInterfaceOrientationPortraitUpsideDown UIInterfaceOrientationLandscapeLeft UIInterfaceOrientationLandscapeRight";
				INFOPLIST_KEY_UISupportedInterfaceOrientations_iPhone = "UIInterfaceOrientationPortrait UIInterfaceOrientationLandscapeLeft UIInterfaceOrientationLandscapeRight";
				LD_RUNPATH_SEARCH_PATHS = (
					"$(inherited)",
					"@executable_path/Frameworks",
				);
				MARKETING_VERSION = 1.0;
				PRODUCT_BUNDLE_IDENTIFIER = "com.tomasgonzalez.Connections-App";
				PRODUCT_NAME = "$(TARGET_NAME)";
				SWIFT_EMIT_LOC_STRINGS = YES;
				SWIFT_VERSION = 5.0;
				TARGETED_DEVICE_FAMILY = "1,2";
			};
			name = Debug;
		};
		C34063AE2D87FB4000EE2870 /* Release */ = {
			isa = XCBuildConfiguration;
			buildSettings = {
				ASSETCATALOG_COMPILER_APPICON_NAME = AppIcon;
				ASSETCATALOG_COMPILER_GLOBAL_ACCENT_COLOR_NAME = AccentColor;
				CODE_SIGN_STYLE = Automatic;
				CURRENT_PROJECT_VERSION = 1;
				DEVELOPMENT_ASSET_PATHS = "\"Connections-App/Preview Content\"";
				ENABLE_PREVIEWS = YES;
				GENERATE_INFOPLIST_FILE = YES;
				INFOPLIST_KEY_UIApplicationSceneManifest_Generation = YES;
				INFOPLIST_KEY_UIApplicationSupportsIndirectInputEvents = YES;
				INFOPLIST_KEY_UILaunchScreen_Generation = YES;
				INFOPLIST_KEY_UISupportedInterfaceOrientations_iPad = "UIInterfaceOrientationPortrait UIInterfaceOrientationPortraitUpsideDown UIInterfaceOrientationLandscapeLeft UIInterfaceOrientationLandscapeRight";
				INFOPLIST_KEY_UISupportedInterfaceOrientations_iPhone = "UIInterfaceOrientationPortrait UIInterfaceOrientationLandscapeLeft UIInterfaceOrientationLandscapeRight";
				LD_RUNPATH_SEARCH_PATHS = (
					"$(inherited)",
					"@executable_path/Frameworks",
				);
				MARKETING_VERSION = 1.0;
				PRODUCT_BUNDLE_IDENTIFIER = "com.tomasgonzalez.Connections-App";
				PRODUCT_NAME = "$(TARGET_NAME)";
				SWIFT_EMIT_LOC_STRINGS = YES;
				SWIFT_VERSION = 5.0;
				TARGETED_DEVICE_FAMILY = "1,2";
			};
			name = Release;
		};
		C34063B02D87FB4000EE2870 /* Debug */ = {
			isa = XCBuildConfiguration;
			buildSettings = {
				BUNDLE_LOADER = "$(TEST_HOST)";
				CODE_SIGN_STYLE = Automatic;
				CURRENT_PROJECT_VERSION = 1;
				GENERATE_INFOPLIST_FILE = YES;
				IPHONEOS_DEPLOYMENT_TARGET = 18.2;
				MARKETING_VERSION = 1.0;
				PRODUCT_BUNDLE_IDENTIFIER = "com.tomasgonzalez.Connections-AppTests";
				PRODUCT_NAME = "$(TARGET_NAME)";
				SWIFT_EMIT_LOC_STRINGS = NO;
				SWIFT_VERSION = 5.0;
				TARGETED_DEVICE_FAMILY = "1,2";
				TEST_HOST = "$(BUILT_PRODUCTS_DIR)/Connections-App.app/$(BUNDLE_EXECUTABLE_FOLDER_PATH)/Connections-App";
			};
			name = Debug;
		};
		C34063B12D87FB4000EE2870 /* Release */ = {
			isa = XCBuildConfiguration;
			buildSettings = {
				BUNDLE_LOADER = "$(TEST_HOST)";
				CODE_SIGN_STYLE = Automatic;
				CURRENT_PROJECT_VERSION = 1;
				GENERATE_INFOPLIST_FILE = YES;
				IPHONEOS_DEPLOYMENT_TARGET = 18.2;
				MARKETING_VERSION = 1.0;
				PRODUCT_BUNDLE_IDENTIFIER = "com.tomasgonzalez.Connections-AppTests";
				PRODUCT_NAME = "$(TARGET_NAME)";
				SWIFT_EMIT_LOC_STRINGS = NO;
				SWIFT_VERSION = 5.0;
				TARGETED_DEVICE_FAMILY = "1,2";
				TEST_HOST = "$(BUILT_PRODUCTS_DIR)/Connections-App.app/$(BUNDLE_EXECUTABLE_FOLDER_PATH)/Connections-App";
			};
			name = Release;
		};
		C34063B32D87FB4000EE2870 /* Debug */ = {
			isa = XCBuildConfiguration;
			buildSettings = {
				CODE_SIGN_STYLE = Automatic;
				CURRENT_PROJECT_VERSION = 1;
				GENERATE_INFOPLIST_FILE = YES;
				MARKETING_VERSION = 1.0;
				PRODUCT_BUNDLE_IDENTIFIER = "com.tomasgonzalez.Connections-AppUITests";
				PRODUCT_NAME = "$(TARGET_NAME)";
				SWIFT_EMIT_LOC_STRINGS = NO;
				SWIFT_VERSION = 5.0;
				TARGETED_DEVICE_FAMILY = "1,2";
				TEST_TARGET_NAME = "Connections-App";
			};
			name = Debug;
		};
		C34063B42D87FB4000EE2870 /* Release */ = {
			isa = XCBuildConfiguration;
			buildSettings = {
				CODE_SIGN_STYLE = Automatic;
				CURRENT_PROJECT_VERSION = 1;
				GENERATE_INFOPLIST_FILE = YES;
				MARKETING_VERSION = 1.0;
				PRODUCT_BUNDLE_IDENTIFIER = "com.tomasgonzalez.Connections-AppUITests";
				PRODUCT_NAME = "$(TARGET_NAME)";
				SWIFT_EMIT_LOC_STRINGS = NO;
				SWIFT_VERSION = 5.0;
				TARGETED_DEVICE_FAMILY = "1,2";
				TEST_TARGET_NAME = "Connections-App";
			};
			name = Release;
		};
/* End XCBuildConfiguration section */

/* Begin XCConfigurationList section */
		C34063832D87FB3E00EE2870 /* Build configuration list for PBXProject "Connections-App" */ = {
			isa = XCConfigurationList;
			buildConfigurations = (
				C34063AA2D87FB4000EE2870 /* Debug */,
				C34063AB2D87FB4000EE2870 /* Release */,
			);
			defaultConfigurationIsVisible = 0;
			defaultConfigurationName = Release;
		};
		C34063AC2D87FB4000EE2870 /* Build configuration list for PBXNativeTarget "Connections-App" */ = {
			isa = XCConfigurationList;
			buildConfigurations = (
				C34063AD2D87FB4000EE2870 /* Debug */,
				C34063AE2D87FB4000EE2870 /* Release */,
			);
			defaultConfigurationIsVisible = 0;
			defaultConfigurationName = Release;
		};
		C34063AF2D87FB4000EE2870 /* Build configuration list for PBXNativeTarget "Connections-AppTests" */ = {
			isa = XCConfigurationList;
			buildConfigurations = (
				C34063B02D87FB4000EE2870 /* Debug */,
				C34063B12D87FB4000EE2870 /* Release */,
			);
			defaultConfigurationIsVisible = 0;
			defaultConfigurationName = Release;
		};
		C34063B22D87FB4000EE2870 /* Build configuration list for PBXNativeTarget "Connections-AppUITests" */ = {
			isa = XCConfigurationList;
			buildConfigurations = (
				C34063B32D87FB4000EE2870 /* Debug */,
				C34063B42D87FB4000EE2870 /* Release */,
			);
			defaultConfigurationIsVisible = 0;
			defaultConfigurationName = Release;
		};
/* End XCConfigurationList section */
	};
	rootObject = C34063802D87FB3E00EE2870 /* Project object */;
}
